using System;

Console.Write("Enter principal amount: ");
double Principal = double.Parse(Console.ReadLine()!);
Console.Write("Enter rate of interest: ");
double Interest = double.Parse(Console.ReadLine()!);
Console.Write("Enter time in years: ");
double Years = double.Parse(Console.ReadLine()!);

double Simple_Interest = (Principal * Interest * Years) / 100;

Console.Write("Simple Interest: " + Simple_Interest);
